
Microsoft Visual Studio Solution File, Format Version 12.00
# Visual Studio Version 17
VisualStudioVersion = 17.2.32526.322
MinimumVisualStudioVersion = 10.0.40219.1
Project("{FAE04EC0-301F-11D3-BF4B-00C04F79EFBC}") = "Note-Taking App", "Note-Taking App\Note-Taking App.csproj", "{B956A3F6-D70E-4AF3-B536-6B9C4A68B92D}"
EndProject
Global
	GlobalSection(SolutionConfigurationPlatforms) = preSolution
		Debug|Any CPU = Debug|Any CPU
		Release|Any CPU = Release|Any CPU
	EndGlobalSection
	GlobalSection(ProjectConfigurationPlatforms) = postSolution
		{B956A3F6-D70E-4AF3-B536-6B9C4A68B92D}.Debug|Any CPU.ActiveCfg = Debug|Any CPU
		{B956A3F6-D70E-4AF3-B536-6B9C4A68B92D}.Debug|Any CPU.Build.0 = Debug|Any CPU
		{B956A3F6-D70E-4AF3-B536-6B9C4A68B92D}.Release|Any CPU.ActiveCfg = Release|Any CPU
		{B956A3F6-D70E-4AF3-B536-6B9C4A68B92D}.Release|Any CPU.Build.0 = Release|Any CPU
	EndGlobalSection
	GlobalSection(SolutionProperties) = preSolution
		HideSolutionNode = FALSE
	EndGlobalSection
	GlobalSection(ExtensibilityGlobals) = postSolution
		SolutionGuid = {20FB4E1C-A8B7-4F37-8C19-E6EDD969B74B}
	EndGlobalSection
EndGlobal
